
Microsoft Visual Studio Solution File, Format Version 12.00
Project("{FAE04EC0-301F-11D3-BF4B-00C04F79EFBC}") = "Saison", "src\saison\Saison.csproj", "{F897672A-EB09-4343-8EB5-F07DA1DE833F}"
EndProject
Project("{2150E333-8FDC-42A3-9474-1A3956D46DE8}") = "Solution Items", "Solution Items", "{05B04217-2AEB-4FC0-9550-60FD6388ADD4}"
	ProjectSection(SolutionItems) = preProject
		.gitignore = .gitignore
		LICENSE = LICENSE
		README.md = README.md
	EndProjectSection
EndProject
Global
	GlobalSection(SolutionConfigurationPlatforms) = preSolution
		Debug|Any CPU = Debug|Any CPU
		Release|Any CPU = Release|Any CPU
	EndGlobalSection
	GlobalSection(ProjectConfigurationPlatforms) = postSolution
		{F897672A-EB09-4343-8EB5-F07DA1DE833F}.Debug|Any CPU.ActiveCfg = Debug|Any CPU
		{F897672A-EB09-4343-8EB5-F07DA1DE833F}.Debug|Any CPU.Build.0 = Debug|Any CPU
		{F897672A-EB09-4343-8EB5-F07DA1DE833F}.Release|Any CPU.ActiveCfg = Release|Any CPU
		{F897672A-EB09-4343-8EB5-F07DA1DE833F}.Release|Any CPU.Build.0 = Release|Any CPU
	EndGlobalSection
EndGlobal
